zsh-users/zsh-completions 4f5416f5fd9b42822de3ff0cebb831843f655d1d
wbingli/zsh-claudecode-completion a745cfb6910ebe861a6e695b7d4c30f5a838bf30
Aloxaf/fzf-tab 24105b15714bfec37989ed5c5b6e60f572253019
zdharma-continuum/fast-syntax-highlighting 3d574ccf48804b10dca52625df13da5edae7f553
zsh-users/zsh-autosuggestions 85919cd1ffa7d2d5412f6d3fe437ebdbeeec4fc5
raisedadead/zsh-smartinput 36bddb30d8724300646d3201a84909995adf00d1
g-plane/pnpm-shell-completion d5c061ea860a40db698bb7b2481b49d9950ee7a1
raisedadead/zsh-touchplus 53b2bf6ad9a5e14fdce84520b48283ae84acb799
sobolevn/wakatime-zsh-plugin a63f8e387c0783bad35c9433dc77547b184bf6fc
